
Microsoft Visual Studio Solution File, Format Version 12.00
# Visual Studio Version 17
VisualStudioVersion = 17.0.31919.166
MinimumVisualStudioVersion = 10.0.40219.1
Project("{FAE04EC0-301F-11D3-BF4B-00C04F79EFBC}") = "Demo_SignalRChat", "Demo_SignalRChat\Demo_SignalRChat.csproj", "{5A83012F-7DEF-410B-A460-5C87ED20B533}"
EndProject
Global
	GlobalSection(SolutionConfigurationPlatforms) = preSolution
		Debug|Any CPU = Debug|Any CPU
		Release|Any CPU = Release|Any CPU
	EndGlobalSection
	GlobalSection(ProjectConfigurationPlatforms) = postSolution
		{5A83012F-7DEF-410B-A460-5C87ED20B533}.Debug|Any CPU.ActiveCfg = Debug|Any CPU
		{5A83012F-7DEF-410B-A460-5C87ED20B533}.Debug|Any CPU.Build.0 = Debug|Any CPU
		{5A83012F-7DEF-410B-A460-5C87ED20B533}.Release|Any CPU.ActiveCfg = Release|Any CPU
		{5A83012F-7DEF-410B-A460-5C87ED20B533}.Release|Any CPU.Build.0 = Release|Any CPU
	EndGlobalSection
	GlobalSection(SolutionProperties) = preSolution
		HideSolutionNode = FALSE
	EndGlobalSection
	GlobalSection(ExtensibilityGlobals) = postSolution
		SolutionGuid = {8B58DE42-FAD3-4F84-9F98-0FF1D678CE72}
	EndGlobalSection
EndGlobal
